
Microsoft Visual Studio Solution File, Format Version 12.00
# Visual Studio Version 16
VisualStudioVersion = 16.0.30611.23
MinimumVisualStudioVersion = 10.0.40219.1
Project("{FAE04EC0-301F-11D3-BF4B-00C04F79EFBC}") = "MovieDatabaseProject", "MovieDatabaseProject.csproj", "{12F3E831-6DE7-48ED-86E4-BDC91FB164B0}"
EndProject
Global
	GlobalSection(SolutionConfigurationPlatforms) = preSolution
		Debug|Any CPU = Debug|Any CPU
		Release|Any CPU = Release|Any CPU
	EndGlobalSection
	GlobalSection(ProjectConfigurationPlatforms) = postSolution
		{12F3E831-6DE7-48ED-86E4-BDC91FB164B0}.Debug|Any CPU.ActiveCfg = Debug|Any CPU
		{12F3E831-6DE7-48ED-86E4-BDC91FB164B0}.Debug|Any CPU.Build.0 = Debug|Any CPU
		{12F3E831-6DE7-48ED-86E4-BDC91FB164B0}.Release|Any CPU.ActiveCfg = Release|Any CPU
		{12F3E831-6DE7-48ED-86E4-BDC91FB164B0}.Release|Any CPU.Build.0 = Release|Any CPU
	EndGlobalSection
	GlobalSection(SolutionProperties) = preSolution
		HideSolutionNode = FALSE
	EndGlobalSection
	GlobalSection(ExtensibilityGlobals) = postSolution
		SolutionGuid = {2F7B6BC0-C8A8-4CF5-B6BE-B00467AB979E}
	EndGlobalSection
EndGlobal
